# This file is @generated by PDM.
# It is not intended for manual editing.

[metadata]
groups = ["default"]
cross_platform = true
static_urls = false
lock_version = "4.3"
content_hash = "sha256:c65583027e22593e65f05630dff5bd46df9aa1b14a69f0749c5918b47ed1b681"

[[package]]
name = "annotated-types"
version = "0.5.0"
requires_python = ">=3.7"
summary = "Reusable constraint types to use with typing.Annotated"
files = [
    {file = "annotated_types-0.5.0-py3-none-any.whl", hash = "sha256:58da39888f92c276ad970249761ebea80ba544b77acddaa1a4d6cf78287d45fd"},
    {file = "annotated_types-0.5.0.tar.gz", hash = "sha256:47cdc3490d9ac1506ce92c7aaa76c579dc3509ff11e098fc867e5130ab7be802"},
]

[[package]]
name = "anyio"
version = "3.7.1"
requires_python = ">=3.7"
summary = "High level compatibility layer for multiple asynchronous event loop implementations"
dependencies = [
    "exceptiongroup; python_version < \"3.11\"",
    "idna>=2.8",
    "sniffio>=1.1",
]
files = [
    {file = "anyio-3.7.1-py3-none-any.whl", hash = "sha256:91dee416e570e92c64041bd18b900d1d6fa78dff7048769ce5ac5ddad004fbb5"},
    {file = "anyio-3.7.1.tar.gz", hash = "sha256:44a3c9aba0f5defa43261a8b3efb97891f2bd7d804e0e1f56419befa1adfc780"},
]

[[package]]
name = "certifi"
version = "2023.7.22"
requires_python = ">=3.6"
summary = "Python package for providing Mozilla's CA Bundle."
files = [
    {file = "certifi-2023.7.22-py3-none-any.whl", hash = "sha256:92d6037539857d8206b8f6ae472e8b77db8058fec5937a1ef3f54304089edbb9"},
    {file = "certifi-2023.7.22.tar.gz", hash = "sha256:539cc1d13202e33ca466e88b2807e29f4c13049d6d87031a3c110744495cb082"},
]

[[package]]
name = "click"
version = "8.1.7"
requires_python = ">=3.7"
summary = "Composable command line interface toolkit"
dependencies = [
    "colorama; platform_system == \"Windows\"",
]
files = [
    {file = "click-8.1.7-py3-none-any.whl", hash = "sha256:ae74fb96c20a0277a1d615f1e4d73c8414f5a98db8b799a7931d1582f3390c28"},
    {file = "click-8.1.7.tar.gz", hash = "sha256:ca9853ad459e787e2192211578cc907e7594e294c7ccc834310722b41b9ca6de"},
]

[[package]]
name = "colorama"
version = "0.4.6"
requires_python = "!=3.0.*,!=3.1.*,!=3.2.*,!=3.3.*,!=3.4.*,!=3.5.*,!=3.6.*,>=2.7"
summary = "Cross-platform colored terminal text."
files = [
    {file = "colorama-0.4.6-py2.py3-none-any.whl", hash = "sha256:4f1d9991f5acc0ca119f9d443620b77f9d6b33703e51011c16baf57afb285fc6"},
    {file = "colorama-0.4.6.tar.gz", hash = "sha256:08695f5cb7ed6e0531a20572697297273c47b8cae5a63ffc6d6ed5c201be6e44"},
]

[[package]]
name = "dnspython"
version = "2.4.2"
requires_python = ">=3.8,<4.0"
summary = "DNS toolkit"
files = [
    {file = "dnspython-2.4.2-py3-none-any.whl", hash = "sha256:57c6fbaaeaaf39c891292012060beb141791735dbb4004798328fc2c467402d8"},
    {file = "dnspython-2.4.2.tar.gz", hash = "sha256:8dcfae8c7460a2f84b4072e26f1c9f4101ca20c071649cb7c34e8b6a93d58984"},
]

[[package]]
name = "exceptiongroup"
version = "1.1.3"
requires_python = ">=3.7"
summary = "Backport of PEP 654 (exception groups)"
files = [
    {file = "exceptiongroup-1.1.3-py3-none-any.whl", hash = "sha256:343280667a4585d195ca1cf9cef84a4e178c4b6cf2274caef9859782b567d5e3"},
    {file = "exceptiongroup-1.1.3.tar.gz", hash = "sha256:097acd85d473d75af5bb98e41b61ff7fe35efe6675e4f9370ec6ec5126d160e9"},
]

[[package]]
name = "fastapi"
version = "0.101.1"
requires_python = ">=3.7"
summary = "FastAPI framework, high performance, easy to learn, fast to code, ready for production"
dependencies = [
    "pydantic!=1.8,!=1.8.1,!=2.0.0,!=2.0.1,!=2.1.0,<3.0.0,>=1.7.4",
    "starlette<0.28.0,>=0.27.0",
    "typing-extensions>=4.5.0",
]
files = [
    {file = "fastapi-0.101.1-py3-none-any.whl", hash = "sha256:aef5f8676eb1b8389952e1fe734abe20f04b71f6936afcc53b320ba79b686a4b"},
    {file = "fastapi-0.101.1.tar.gz", hash = "sha256:7b32000d14ca9992f7461117b81e4ef9ff0c07936af641b4fe40e67d5f9d63cb"},
]

[[package]]
name = "h11"
version = "0.14.0"
requires_python = ">=3.7"
summary = "A pure-Python, bring-your-own-I/O implementation of HTTP/1.1"
files = [
    {file = "h11-0.14.0-py3-none-any.whl", hash = "sha256:e3fe4ac4b851c468cc8363d500db52c2ead036020723024a109d37346efaa761"},
    {file = "h11-0.14.0.tar.gz", hash = "sha256:8f19fbbe99e72420ff35c00b27a34cb9937e902a8b810e2c88300c6f0a3b699d"},
]

[[package]]
name = "httpcore"
version = "0.17.3"
requires_python = ">=3.7"
summary = "A minimal low-level HTTP client."
dependencies = [
    "anyio<5.0,>=3.0",
    "certifi",
    "h11<0.15,>=0.13",
    "sniffio==1.*",
]
files = [
    {file = "httpcore-0.17.3-py3-none-any.whl", hash = "sha256:c2789b767ddddfa2a5782e3199b2b7f6894540b17b16ec26b2c4d8e103510b87"},
    {file = "httpcore-0.17.3.tar.gz", hash = "sha256:a6f30213335e34c1ade7be6ec7c47f19f50c56db36abef1a9dfa3815b1cb3888"},
]

[[package]]
name = "httpx"
version = "0.24.1"
requires_python = ">=3.7"
summary = "The next generation HTTP client."
dependencies = [
    "certifi",
    "httpcore<0.18.0,>=0.15.0",
    "idna",
    "sniffio",
]
files = [
    {file = "httpx-0.24.1-py3-none-any.whl", hash = "sha256:06781eb9ac53cde990577af654bd990a4949de37a28bdb4a230d434f3a30b9bd"},
    {file = "httpx-0.24.1.tar.gz", hash = "sha256:5853a43053df830c20f8110c5e69fe44d035d850b2dfe795e196f00fdb774bdd"},
]

[[package]]
name = "idna"
version = "3.4"
requires_python = ">=3.5"
summary = "Internationalized Domain Names in Applications (IDNA)"
files = [
    {file = "idna-3.4-py3-none-any.whl", hash = "sha256:90b77e79eaa3eba6de819a0c442c0b4ceefc341a7a2ab77d7562bf49f425c5c2"},
    {file = "idna-3.4.tar.gz", hash = "sha256:814f528e8dead7d329833b91c5faa87d60bf71824cd12a7530b5526063d02cb4"},
]

[[package]]
name = "pydantic"
version = "2.2.1"
requires_python = ">=3.7"
summary = "Data validation using Python type hints"
dependencies = [
    "annotated-types>=0.4.0",
    "pydantic-core==2.6.1",
    "typing-extensions>=4.6.1",
]
files = [
    {file = "pydantic-2.2.1-py3-none-any.whl", hash = "sha256:0c88bd2b63ed7a5109c75ab180d55f58f80a4b559682406812d0684d3f4b9192"},
    {file = "pydantic-2.2.1.tar.gz", hash = "sha256:31b5cada74b2320999fb2577e6df80332a200ff92e7775a52448b6b036fce24a"},
]

[[package]]
name = "pydantic-core"
version = "2.6.1"
requires_python = ">=3.7"
summary = ""
dependencies = [
    "typing-extensions!=4.7.0,>=4.6.0",
]
files = [
    {file = "pydantic_core-2.6.1-cp310-cp310-macosx_10_7_x86_64.whl", hash = "sha256:f55001a689111a297c0006c46c0589cfd559261baaa9a37bc35eff05b8cae1a6"},
    {file = "pydantic_core-2.6.1-cp310-cp310-macosx_11_0_arm64.whl", hash = "sha256:bb6273068e9450c5c91f58dd277fbd406b896ffa30f0ef312edc5519d07f16ae"},
    {file = "pydantic_core-2.6.1-cp310-cp310-manylinux_2_17_aarch64.manylinux2014_aarch64.whl", hash = "sha256:043212f21c75cb6ee3a92fffbc747410e32b08e1a419ce16a9da98a16d660a7c"},
    {file = "pydantic_core-2.6.1-cp310-cp310-manylinux_2_17_armv7l.manylinux2014_armv7l.whl", hash = "sha256:db0c12f1e9d3bf658634621f3423486803d749fef77a64cfb4252f9d619e1817"},
    {file = "pydantic_core-2.6.1-cp310-cp310-manylinux_2_17_ppc64le.manylinux2014_ppc64le.whl", hash = "sha256:81424dc05c4342a19fb64323bb9d4468e7407b745c00377ccc4d3dd96d5e02fe"},
    {file = "pydantic_core-2.6.1-cp310-cp310-manylinux_2_17_s390x.manylinux2014_s390x.whl", hash = "sha256:3c8f3aebaf92f088b1dafd7101d1ccca0459ae0f5b26017411b9969667d289a9"},
    {file = "pydantic_core-2.6.1-cp310-cp310-manylinux_2_17_x86_64.manylinux2014_x86_64.whl", hash = "sha256:cd9f14454b4bc89c705ce17951f9c783db82efd2b44a424487c593e2269eef61"},
    {file = "pydantic_core-2.6.1-cp310-cp310-manylinux_2_5_i686.manylinux1_i686.whl", hash = "sha256:2effc71653247e76c5b95d15c58d4ca3f591f42f714eb3b32df9d6ec613794a5"},
    {file = "pydantic_core-2.6.1-cp310-cp310-musllinux_1_1_aarch64.whl", hash = "sha256:56672429f8a89d2a0f4402d912f0dad68c2d05f7c278d3152c6fb4a76c2a429a"},
    {file = "pydantic_core-2.6.1-cp310-cp310-musllinux_1_1_x86_64.whl", hash = "sha256:d0bf1c2545ab253732229c7fe8294d98eb08f99aa25a388267e1bc4d2d7e0a34"},
    {file = "pydantic_core-2.6.1-cp310-none-win32.whl", hash = "sha256:c5be947ad41a7602f941dc834d03e64dd1c7fae65fa85cb4f1004a95c5d50df1"},
    {file = "pydantic_core-2.6.1-cp310-none-win_amd64.whl", hash = "sha256:3d14ae98a8d251402ef8ed017039d2fc3e29fb155f909cd3816ba259fd30fb48"},
    {file = "pydantic_core-2.6.1-cp311-cp311-macosx_10_7_x86_64.whl", hash = "sha256:4a3c20808d3ced90e29439f72a563eadf21d29560935cc818b2dab80b92c114a"},
    {file = "pydantic_core-2.6.1-cp311-cp311-macosx_11_0_arm64.whl", hash = "sha256:da240bbd8191edc6009e7793d5d4d67c55f56225c4788f068d6286c20e5a2038"},
    {file = "pydantic_core-2.6.1-cp311-cp311-manylinux_2_17_aarch64.manylinux2014_aarch64.whl", hash = "sha256:de1a3e56e34264d5216c67d2a48185216ada8f5f35a7f4c96a3971847c0de897"},
    {file = "pydantic_core-2.6.1-cp311-cp311-manylinux_2_17_armv7l.manylinux2014_armv7l.whl", hash = "sha256:9b623e09239ed333d14c02c9fcd1a7bb350b95eca8383f6e9b0d8e373d5a14b5"},
    {file = "pydantic_core-2.6.1-cp311-cp311-manylinux_2_17_ppc64le.manylinux2014_ppc64le.whl", hash = "sha256:5a12520a6d502a25f6e47319874e47056b290f1b3c2ed9391444ce81c8cc5b83"},
    {file = "pydantic_core-2.6.1-cp311-cp311-manylinux_2_17_s390x.manylinux2014_s390x.whl", hash = "sha256:d1141f18414aee8865c7917ae1432e419c1983272f53625152493692ff3d6783"},
    {file = "pydantic_core-2.6.1-cp311-cp311-manylinux_2_17_x86_64.manylinux2014_x86_64.whl", hash = "sha256:7888b3ee7566865cff3e9edab5d6cdf2e7cf793df17fe53d5e7be3e57eae45ec"},
    {file = "pydantic_core-2.6.1-cp311-cp311-manylinux_2_5_i686.manylinux1_i686.whl", hash = "sha256:3bdf293b6304bc451678b7016c2505b7d97aa85ff13dac4420027b1b69e15d3d"},
    {file = "pydantic_core-2.6.1-cp311-cp311-musllinux_1_1_aarch64.whl", hash = "sha256:7ef56a05bb60336d5e795bf166d6712b2362e6478522c77e8336cb0da8909913"},
    {file = "pydantic_core-2.6.1-cp311-cp311-musllinux_1_1_x86_64.whl", hash = "sha256:3210eb73707e3487c16ef25cfd1663660f4e7d647a181d6c2fb18bc6167985fb"},
    {file = "pydantic_core-2.6.1-cp311-none-win32.whl", hash = "sha256:707e3005e8c129bdac117285b71717c13b9ed81a81eae0b1642f4ddc60028e63"},
    {file = "pydantic_core-2.6.1-cp311-none-win_amd64.whl", hash = "sha256:2b8ccec2189d8a8b83929f79e5bc00c0656f6c2ba4345125c0c82d1b77e15a26"},
    {file = "pydantic_core-2.6.1-cp311-none-win_arm64.whl", hash = "sha256:c1e44b77442fb5b1b6fccea30e3359b14d0a2e5896801243defe54482a591500"},
    {file = "pydantic_core-2.6.1-cp312-cp312-macosx_10_7_x86_64.whl", hash = "sha256:c82fb25f965f6777032fc2f2856c86149f7709c8f7fd0c020a8631b8211f2bab"},
    {file = "pydantic_core-2.6.1-cp312-cp312-macosx_11_0_arm64.whl", hash = "sha256:494b211b12b8fedd184dbba609f6ed582e23561db57c1996fd6773989dbaef9b"},
    {file = "pydantic_core-2.6.1-cp312-cp312-manylinux_2_17_aarch64.manylinux2014_aarch64.whl", hash = "sha256:1281c940f47e5c89b594ef7580045647df1f9ad687edd503bcc0485be94576f4"},
    {file = "pydantic_core-2.6.1-cp312-cp312-manylinux_2_17_armv7l.manylinux2014_armv7l.whl", hash = "sha256:2d41701c88d8b678c16c10562949f2d28aceacd767cbe51dac9c8c41e6e609fb"},
    {file = "pydantic_core-2.6.1-cp312-cp312-manylinux_2_17_ppc64le.manylinux2014_ppc64le.whl", hash = "sha256:6a839c95d5cc91eed053d8dafde4e200c4bc82f56fb1cf7bbfaeb03e2d907929"},
    {file = "pydantic_core-2.6.1-cp312-cp312-manylinux_2_17_s390x.manylinux2014_s390x.whl", hash = "sha256:c22e4fbfb5823d0fcb2c20ed164b39c3588554f9635f70765e8c9cff0fef67ad"},
    {file = "pydantic_core-2.6.1-cp312-cp312-manylinux_2_17_x86_64.manylinux2014_x86_64.whl", hash = "sha256:f2fed4ad60ccf2698bd04e95dfc3bd84149ced9605a29fd27d624701e1da300c"},
    {file = "pydantic_core-2.6.1-cp312-cp312-manylinux_2_5_i686.manylinux1_i686.whl", hash = "sha256:33b9343aa464d60c31937b361abde08d3af9943f3eb09d3216211b6236bd40c4"},
    {file = "pydantic_core-2.6.1-cp312-cp312-musllinux_1_1_aarch64.whl", hash = "sha256:56e4953cd911293d6d755e2a97c651826aca76201db8f1ee298939e703721390"},
    {file = "pydantic_core-2.6.1-cp312-cp312-musllinux_1_1_x86_64.whl", hash = "sha256:cd163109047ab41ef1ea34258b35beb3ccac90af2012927ee8ab6ff122fef671"},
    {file = "pydantic_core-2.6.1-cp312-none-win32.whl", hash = "sha256:f5b51ec04743c94288c46e3759769611ab7c5ce0f941113363da96d20d345fb6"},
    {file = "pydantic_core-2.6.1-cp312-none-win_amd64.whl", hash = "sha256:ca5606bd82e255b1d704a4334e5ebf05ae966b69686fae02dcd31c057bdcb113"},
    {file = "pydantic_core-2.6.1-cp312-none-win_arm64.whl", hash = "sha256:dfc8f534a21b60b00f87e5a4fc36b8b8945160a6cc9e7b6e67db541c766c9597"},
    {file = "pydantic_core-2.6.1-pp310-pypy310_pp73-macosx_10_7_x86_64.whl", hash = "sha256:f7ec4c6edafa3f0eb1aa461e31ea263736cc541b2459dddfbda7085b30844801"},
    {file = "pydantic_core-2.6.1-pp310-pypy310_pp73-macosx_11_0_arm64.whl", hash = "sha256:3679b9a1f41eb1b699e9556f91281d78c416cdc59ae90d5733fbe2017f1effe9"},
    {file = "pydantic_core-2.6.1-pp310-pypy310_pp73-manylinux_2_17_aarch64.manylinux2014_aarch64.whl", hash = "sha256:e3ff36f945342086ee917d4219dd0e59660a2dfcdb86a07696c2791f5d59c07d"},
    {file = "pydantic_core-2.6.1-pp310-pypy310_pp73-manylinux_2_17_x86_64.manylinux2014_x86_64.whl", hash = "sha256:734864605d722a6f8db3b9c96371710f7cb591fbfca40cfeaedf5b67df282438"},
    {file = "pydantic_core-2.6.1-pp310-pypy310_pp73-manylinux_2_5_i686.manylinux1_i686.whl", hash = "sha256:7188359b95a2b1aef5744a2ee6af2d9cfc733dd823f8840f4c896129477a172b"},
    {file = "pydantic_core-2.6.1-pp310-pypy310_pp73-musllinux_1_1_aarch64.whl", hash = "sha256:382d40843ae759d43ef65b67dec713390f9417135c1dd730afbf03cf2f450f45"},
    {file = "pydantic_core-2.6.1-pp310-pypy310_pp73-musllinux_1_1_x86_64.whl", hash = "sha256:4525b8498d362e4e324e3e175239b364768f52bd3563ac4ef9750160f5789de8"},
    {file = "pydantic_core-2.6.1-pp310-pypy310_pp73-win_amd64.whl", hash = "sha256:e55514a022c768cccf07a675d20d07b847980dcd9250f6b516a86bab5612fc01"},
    {file = "pydantic_core-2.6.1-pp37-pypy37_pp73-macosx_10_7_x86_64.whl", hash = "sha256:34734d486d059f0f6f5bfa9ba4a41449f666e2abbde002e9fa8b050bc50e3347"},
    {file = "pydantic_core-2.6.1-pp37-pypy37_pp73-manylinux_2_17_aarch64.manylinux2014_aarch64.whl", hash = "sha256:a809498dceb0cd1cd1e57a2bfdc70ea82f424776e0196f4d63c4b6fcdaeb5aab"},
    {file = "pydantic_core-2.6.1-pp37-pypy37_pp73-manylinux_2_17_x86_64.manylinux2014_x86_64.whl", hash = "sha256:588a5ffd8bbf1b2230611ed1b45221adcf05b981037b2f853b5f20465849b5c1"},
    {file = "pydantic_core-2.6.1-pp37-pypy37_pp73-manylinux_2_5_i686.manylinux1_i686.whl", hash = "sha256:26b81017aeae0d96f776fbce34a3a763d26ac575d8ad3f1202bdfdd2b935954b"},
    {file = "pydantic_core-2.6.1-pp37-pypy37_pp73-musllinux_1_1_aarch64.whl", hash = "sha256:7ddaa2c3c66682f0ff4ebc8c85ef2d8305f32deba79416464c47c93d94ca3740"},
    {file = "pydantic_core-2.6.1-pp37-pypy37_pp73-musllinux_1_1_x86_64.whl", hash = "sha256:d6971131de66d1a37293f2e032206b6984b0dec44f568b453dfe89a84a2de0cc"},
    {file = "pydantic_core-2.6.1-pp37-pypy37_pp73-win_amd64.whl", hash = "sha256:200704f6824f8014bdccb1ce57cbd328666e6de4ecd77f0b8ab472cdea9c49ce"},
    {file = "pydantic_core-2.6.1-pp38-pypy38_pp73-macosx_10_7_x86_64.whl", hash = "sha256:6916b27072c957947919fb32551f08486562bb8616f2e3db9e4e9c1d83d36886"},
    {file = "pydantic_core-2.6.1-pp38-pypy38_pp73-macosx_11_0_arm64.whl", hash = "sha256:136de286abf53f326b90389aaaca8a8050c2570adfc74afe06ab1c35d5d242bf"},
    {file = "pydantic_core-2.6.1-pp38-pypy38_pp73-manylinux_2_17_aarch64.manylinux2014_aarch64.whl", hash = "sha256:60a238bb4ab09a81a6b25c9a0bb12756cfab2d9f3a7a471f857a179f83da0df6"},
    {file = "pydantic_core-2.6.1-pp38-pypy38_pp73-manylinux_2_17_x86_64.manylinux2014_x86_64.whl", hash = "sha256:2034d9b83a59b3b74b9dbf97ddb99de86c08863c1c33aabf80bc95791c7d50c3"},
    {file = "pydantic_core-2.6.1-pp38-pypy38_pp73-manylinux_2_5_i686.manylinux1_i686.whl", hash = "sha256:7c3a2b4d1636446dc71da1e949d2cf9ac1ee691ca63a640b77fce0360b4b75be"},
    {file = "pydantic_core-2.6.1-pp38-pypy38_pp73-musllinux_1_1_aarch64.whl", hash = "sha256:09e4ebd11a0b333b1fca75c1004c76dc9719f3aaf83ae38c42358754d8a76148"},
    {file = "pydantic_core-2.6.1-pp38-pypy38_pp73-musllinux_1_1_x86_64.whl", hash = "sha256:a4536d132a8bbd05bf368fb802a264cb9828f6c85e4029a6a3670bc98ba97323"},
    {file = "pydantic_core-2.6.1-pp38-pypy38_pp73-win_amd64.whl", hash = "sha256:6221c97d6d58f2370650cfe3d81408901a1951c99960e1df9f6f9f8482d73d08"},
    {file = "pydantic_core-2.6.1-pp39-pypy39_pp73-macosx_10_7_x86_64.whl", hash = "sha256:4223e8bdad41d846a84cda400cd538e1cdc63d98eb4d41951396bfdb88fd8ce9"},
    {file = "pydantic_core-2.6.1-pp39-pypy39_pp73-macosx_11_0_arm64.whl", hash = "sha256:c07cdb2e02733e5f26b9b004a1a8b99814d175f8953fa9f59e4293de2b8e9787"},
    {file = "pydantic_core-2.6.1-pp39-pypy39_pp73-manylinux_2_17_aarch64.manylinux2014_aarch64.whl", hash = "sha256:8714e958d01342d08e520ffec6c1acf66cdec83ce51302f9a1a6efb2f784d0b6"},
    {file = "pydantic_core-2.6.1-pp39-pypy39_pp73-manylinux_2_17_x86_64.manylinux2014_x86_64.whl", hash = "sha256:7f03541c25a77fb5445055e070b69d292c9818a9195ffbfd3962c0ad0da983e8"},
    {file = "pydantic_core-2.6.1-pp39-pypy39_pp73-manylinux_2_5_i686.manylinux1_i686.whl", hash = "sha256:364c13ef48c9e2f8c2ea8ee0da5ea23db5e218f99e796cbf360a2a7cab511439"},
    {file = "pydantic_core-2.6.1-pp39-pypy39_pp73-musllinux_1_1_aarch64.whl", hash = "sha256:27ba58bbfd1b2b9da45bfe524e680e2bc747a1ca9738ee5aa18d8cbdcc08e5e6"},
    {file = "pydantic_core-2.6.1-pp39-pypy39_pp73-musllinux_1_1_x86_64.whl", hash = "sha256:92321582e59da185b76b2eca4488ea95e41800672e57107509d32ebf8ad550f8"},
    {file = "pydantic_core-2.6.1-pp39-pypy39_pp73-win_amd64.whl", hash = "sha256:2da1d21a4f2675d5b8a749674993a65c0537e2066e7ab7b1a4a54ef0b3ac8efd"},
    {file = "pydantic_core-2.6.1.tar.gz", hash = "sha256:5b4efa68bcfa6f2b93624c6660b6cf4b7b4336d4225afb314254a0ed9c9f4153"},
]

[[package]]
name = "pymongo"
version = "4.4.1"
requires_python = ">=3.7"
summary = "Python driver for MongoDB <http://www.mongodb.org>"
dependencies = [
    "dnspython<3.0.0,>=1.16.0",
]
files = [
    {file = "pymongo-4.4.1-cp310-cp310-macosx_10_9_universal2.whl", hash = "sha256:bbdd6c719cc2ea440d7245ba71ecdda507275071753c6ffe9c8232647246f575"},
    {file = "pymongo-4.4.1-cp310-cp310-manylinux1_i686.whl", hash = "sha256:a438508dd8007a4a724601c3790db46fe0edc3d7d172acafc5f148ceb4a07815"},
    {file = "pymongo-4.4.1-cp310-cp310-manylinux2014_aarch64.whl", hash = "sha256:3a350d03959f9d5b7f2ea0621f5bb2eb3927b8fc1c4031d12cfd3949839d4f66"},
    {file = "pymongo-4.4.1-cp310-cp310-manylinux2014_i686.whl", hash = "sha256:e6d5d2c97c35f83dc65ccd5d64c7ed16eba6d9403e3744e847aee648c432f0bb"},
    {file = "pymongo-4.4.1-cp310-cp310-manylinux2014_ppc64le.whl", hash = "sha256:1944b16ffef3573ae064196460de43eb1c865a64fed23551b5eac1951d80acca"},
    {file = "pymongo-4.4.1-cp310-cp310-manylinux2014_s390x.whl", hash = "sha256:912b0fdc16500125dc1837be8b13c99d6782d93d6cd099d0e090e2aca0b6d100"},
    {file = "pymongo-4.4.1-cp310-cp310-manylinux2014_x86_64.whl", hash = "sha256:d1b1c8eb21de4cb5e296614e8b775d5ecf9c56b7d3c6000f4bfdb17f9e244e72"},
    {file = "pymongo-4.4.1-cp310-cp310-manylinux_2_17_aarch64.manylinux2014_aarch64.whl", hash = "sha256:e3b508e0de613b906267f2c484cb5e9afd3a64680e1af23386ca8f99a29c6145"},
    {file = "pymongo-4.4.1-cp310-cp310-manylinux_2_17_ppc64le.manylinux2014_ppc64le.whl", hash = "sha256:f41feb8cf429799ac43ed34504839954aa7d907f8bd9ecb52ed5ff0d2ea84245"},
    {file = "pymongo-4.4.1-cp310-cp310-manylinux_2_17_s390x.manylinux2014_s390x.whl", hash = "sha256:1897123c4bede1af0c264a3bc389a2505bae50d85e4f211288d352928c02d017"},
    {file = "pymongo-4.4.1-cp310-cp310-manylinux_2_17_x86_64.manylinux2014_x86_64.whl", hash = "sha256:b4c4bcd285bf0f5272d50628e4ea3989738e3af1251b2dd7bf50da2d593f3a56"},
    {file = "pymongo-4.4.1-cp310-cp310-manylinux_2_5_i686.manylinux1_i686.manylinux_2_17_i686.manylinux2014_i686.whl", hash = "sha256:995b868ccc9df8d36cb28142363e3911846fe9f43348d942951f60cdd7f62224"},
    {file = "pymongo-4.4.1-cp310-cp310-win32.whl", hash = "sha256:a5198beca36778f19a98b56f541a0529502046bc867b352dda5b6322e1ddc4fd"},
    {file = "pymongo-4.4.1-cp310-cp310-win_amd64.whl", hash = "sha256:a86d20210c9805a032cda14225087ec483613aff0955327c7871a3c980562c5b"},
    {file = "pymongo-4.4.1-cp311-cp311-macosx_10_9_universal2.whl", hash = "sha256:5a2a1da505ea78787b0382c92dc21a45d19918014394b220c4734857e9c73694"},
    {file = "pymongo-4.4.1-cp311-cp311-manylinux_2_17_aarch64.manylinux2014_aarch64.whl", hash = "sha256:35545583396684ea70a0b005034a469bf3f447732396e5b3d50bec94890b8d5c"},
    {file = "pymongo-4.4.1-cp311-cp311-manylinux_2_17_ppc64le.manylinux2014_ppc64le.whl", hash = "sha256:5248fdf7244a5e976279fe154d116c73f6206e0be71074ea9d9b1e73b5893dd5"},
    {file = "pymongo-4.4.1-cp311-cp311-manylinux_2_17_s390x.manylinux2014_s390x.whl", hash = "sha256:44381b817eeb47a41bbfbd279594a7fb21017e0e3e15550eb0fd3758333097f3"},
    {file = "pymongo-4.4.1-cp311-cp311-manylinux_2_17_x86_64.manylinux2014_x86_64.whl", hash = "sha256:3f0bd25de90b804cc95e548f55f430df2b47f242a4d7bbce486db62f3b3c981f"},
    {file = "pymongo-4.4.1-cp311-cp311-manylinux_2_5_i686.manylinux1_i686.manylinux_2_17_i686.manylinux2014_i686.whl", hash = "sha256:d67f4029c57b36a0278aeae044ce382752c078c7625cef71b5e2cf3e576961f9"},
    {file = "pymongo-4.4.1-cp311-cp311-win32.whl", hash = "sha256:8082eef0d8c711c9c272906fa469965e52b44dbdb8a589b54857b1351dc2e511"},
    {file = "pymongo-4.4.1-cp311-cp311-win_amd64.whl", hash = "sha256:980da627edc1275896d7d4670596433ec66e1f452ec244e07bbb2f91c955b581"},
    {file = "pymongo-4.4.1.tar.gz", hash = "sha256:a4df87dbbd03ac6372d24f2a8054b4dc33de497d5227b50ec649f436ad574284"},
]

[[package]]
name = "python-dotenv"
version = "1.0.0"
requires_python = ">=3.8"
summary = "Read key-value pairs from a .env file and set them as environment variables"
files = [
    {file = "python-dotenv-1.0.0.tar.gz", hash = "sha256:a8df96034aae6d2d50a4ebe8216326c61c3eb64836776504fcca410e5937a3ba"},
    {file = "python_dotenv-1.0.0-py3-none-any.whl", hash = "sha256:f5971a9226b701070a4bf2c38c89e5a3f0d64de8debda981d1db98583009122a"},
]

[[package]]
name = "sniffio"
version = "1.3.0"
requires_python = ">=3.7"
summary = "Sniff out which async library your code is running under"
files = [
    {file = "sniffio-1.3.0-py3-none-any.whl", hash = "sha256:eecefdce1e5bbfb7ad2eeaabf7c1eeb404d7757c379bd1f7e5cce9d8bf425384"},
    {file = "sniffio-1.3.0.tar.gz", hash = "sha256:e60305c5e5d314f5389259b7f22aaa33d8f7dee49763119234af3755c55b9101"},
]

[[package]]
name = "starlette"
version = "0.27.0"
requires_python = ">=3.7"
summary = "The little ASGI library that shines."
dependencies = [
    "anyio<5,>=3.4.0",
]
files = [
    {file = "starlette-0.27.0-py3-none-any.whl", hash = "sha256:918416370e846586541235ccd38a474c08b80443ed31c578a418e2209b3eef91"},
    {file = "starlette-0.27.0.tar.gz", hash = "sha256:6a6b0d042acb8d469a01eba54e9cda6cbd24ac602c4cd016723117d6a7e73b75"},
]

[[package]]
name = "typing-extensions"
version = "4.7.1"
requires_python = ">=3.7"
summary = "Backported and Experimental Type Hints for Python 3.7+"
files = [
    {file = "typing_extensions-4.7.1-py3-none-any.whl", hash = "sha256:440d5dd3af93b060174bf433bccd69b0babc3b15b1a8dca43789fd7f61514b36"},
    {file = "typing_extensions-4.7.1.tar.gz", hash = "sha256:b75ddc264f0ba5615db7ba217daeb99701ad295353c45f9e95963337ceeeffb2"},
]

[[package]]
name = "uvicorn"
version = "0.23.2"
requires_python = ">=3.8"
summary = "The lightning-fast ASGI server."
dependencies = [
    "click>=7.0",
    "h11>=0.8",
    "typing-extensions>=4.0; python_version < \"3.11\"",
]
files = [
    {file = "uvicorn-0.23.2-py3-none-any.whl", hash = "sha256:1f9be6558f01239d4fdf22ef8126c39cb1ad0addf76c40e760549d2c2f43ab53"},
    {file = "uvicorn-0.23.2.tar.gz", hash = "sha256:4d3cc12d7727ba72b64d12d3cc7743124074c0a69f7b201512fc50c3e3f1569a"},
]
